
Microsoft Visual Studio Solution File, Format Version 12.00
# Visual Studio 2012
Project("{FAE04EC0-301F-11D3-BF4B-00C04F79EFBC}") = "EXLibrary.File", "EXLibrary.File\EXLibrary.File.csproj", "{7DF85D05-FB90-434C-BF6C-A8E9907778E9}"
EndProject
Project("{FAE04EC0-301F-11D3-BF4B-00C04F79EFBC}") = "EXLbrary.File.UnitTest", "EXLbrary.File.UnitTest\EXLbrary.File.UnitTest.csproj", "{ECF917D0-97D1-4769-8E4A-3476AE6662D9}"
EndProject
Global
	GlobalSection(SolutionConfigurationPlatforms) = preSolution
		Debug|Any CPU = Debug|Any CPU
		Release|Any CPU = Release|Any CPU
	EndGlobalSection
	GlobalSection(ProjectConfigurationPlatforms) = postSolution
		{7DF85D05-FB90-434C-BF6C-A8E9907778E9}.Debug|Any CPU.ActiveCfg = Debug|Any CPU
		{7DF85D05-FB90-434C-BF6C-A8E9907778E9}.Debug|Any CPU.Build.0 = Debug|Any CPU
		{7DF85D05-FB90-434C-BF6C-A8E9907778E9}.Release|Any CPU.ActiveCfg = Release|Any CPU
		{7DF85D05-FB90-434C-BF6C-A8E9907778E9}.Release|Any CPU.Build.0 = Release|Any CPU
		{ECF917D0-97D1-4769-8E4A-3476AE6662D9}.Debug|Any CPU.ActiveCfg = Debug|Any CPU
		{ECF917D0-97D1-4769-8E4A-3476AE6662D9}.Debug|Any CPU.Build.0 = Debug|Any CPU
		{ECF917D0-97D1-4769-8E4A-3476AE6662D9}.Release|Any CPU.ActiveCfg = Release|Any CPU
		{ECF917D0-97D1-4769-8E4A-3476AE6662D9}.Release|Any CPU.Build.0 = Release|Any CPU
	EndGlobalSection
	GlobalSection(SolutionProperties) = preSolution
		HideSolutionNode = FALSE
	EndGlobalSection
EndGlobal
