
Microsoft Visual Studio Solution File, Format Version 12.00
# Visual Studio 14
VisualStudioVersion = 14.0.23107.0
MinimumVisualStudioVersion = 10.0.40219.1
Project("{8BC9CEB8-8B4A-11D0-8D11-00A0C91BC942}") = "ITSViewerDll", "ITSViewerDll\ITSViewerDll.vcxproj", "{9A2F3466-92B6-407C-AB8A-947CB1F5D723}"
EndProject
Global
	GlobalSection(SolutionConfigurationPlatforms) = preSolution
		Debug|x64 = Debug|x64
		Debug|x86 = Debug|x86
		Release|x64 = Release|x64
		Release|x86 = Release|x86
	EndGlobalSection
	GlobalSection(ProjectConfigurationPlatforms) = postSolution
		{9A2F3466-92B6-407C-AB8A-947CB1F5D723}.Debug|x64.ActiveCfg = Debug|Win32
		{9A2F3466-92B6-407C-AB8A-947CB1F5D723}.Debug|x64.Build.0 = Debug|Win32
		{9A2F3466-92B6-407C-AB8A-947CB1F5D723}.Debug|x86.ActiveCfg = Debug|Win32
		{9A2F3466-92B6-407C-AB8A-947CB1F5D723}.Debug|x86.Build.0 = Debug|Win32
		{9A2F3466-92B6-407C-AB8A-947CB1F5D723}.Release|x64.ActiveCfg = Release|x64
		{9A2F3466-92B6-407C-AB8A-947CB1F5D723}.Release|x64.Build.0 = Release|x64
		{9A2F3466-92B6-407C-AB8A-947CB1F5D723}.Release|x86.ActiveCfg = Release|Win32
		{9A2F3466-92B6-407C-AB8A-947CB1F5D723}.Release|x86.Build.0 = Release|Win32
	EndGlobalSection
	GlobalSection(SolutionProperties) = preSolution
		HideSolutionNode = FALSE
	EndGlobalSection
EndGlobal
