
Microsoft Visual Studio Solution File, Format Version 12.00
# Visual Studio 2012
Project("{FAE04EC0-301F-11D3-BF4B-00C04F79EFBC}") = "FindFiles", "FindFiles\FindFiles.csproj", "{EB109ECC-3551-406C-ABE4-D0428FF5B1AF}"
EndProject
Project("{FAE04EC0-301F-11D3-BF4B-00C04F79EFBC}") = "FindFiles.Views", "FindFiles.Views\FindFiles.Views.csproj", "{36493F63-EC20-4803-BD8A-CEC8613ECEDB}"
EndProject
Project("{FAE04EC0-301F-11D3-BF4B-00C04F79EFBC}") = "UnitTestProject1", "UnitTestProject1\UnitTestProject1.csproj", "{24754597-7ECD-4001-9EE3-39A5BD19BCFD}"
EndProject
Project("{FAE04EC0-301F-11D3-BF4B-00C04F79EFBC}") = "FindFiles.Domain", "FindFiles.Domain\FindFiles.Domain.csproj", "{F6FD883F-4510-419B-B8BC-216D728FF966}"
EndProject
Global
	GlobalSection(SolutionConfigurationPlatforms) = preSolution
		Debug|Any CPU = Debug|Any CPU
		Release|Any CPU = Release|Any CPU
	EndGlobalSection
	GlobalSection(ProjectConfigurationPlatforms) = postSolution
		{EB109ECC-3551-406C-ABE4-D0428FF5B1AF}.Debug|Any CPU.ActiveCfg = Debug|Any CPU
		{EB109ECC-3551-406C-ABE4-D0428FF5B1AF}.Debug|Any CPU.Build.0 = Debug|Any CPU
		{EB109ECC-3551-406C-ABE4-D0428FF5B1AF}.Release|Any CPU.ActiveCfg = Release|Any CPU
		{EB109ECC-3551-406C-ABE4-D0428FF5B1AF}.Release|Any CPU.Build.0 = Release|Any CPU
		{36493F63-EC20-4803-BD8A-CEC8613ECEDB}.Debug|Any CPU.ActiveCfg = Debug|Any CPU
		{36493F63-EC20-4803-BD8A-CEC8613ECEDB}.Debug|Any CPU.Build.0 = Debug|Any CPU
		{36493F63-EC20-4803-BD8A-CEC8613ECEDB}.Release|Any CPU.ActiveCfg = Release|Any CPU
		{36493F63-EC20-4803-BD8A-CEC8613ECEDB}.Release|Any CPU.Build.0 = Release|Any CPU
		{24754597-7ECD-4001-9EE3-39A5BD19BCFD}.Debug|Any CPU.ActiveCfg = Debug|Any CPU
		{24754597-7ECD-4001-9EE3-39A5BD19BCFD}.Debug|Any CPU.Build.0 = Debug|Any CPU
		{24754597-7ECD-4001-9EE3-39A5BD19BCFD}.Release|Any CPU.ActiveCfg = Release|Any CPU
		{24754597-7ECD-4001-9EE3-39A5BD19BCFD}.Release|Any CPU.Build.0 = Release|Any CPU
		{F6FD883F-4510-419B-B8BC-216D728FF966}.Debug|Any CPU.ActiveCfg = Debug|Any CPU
		{F6FD883F-4510-419B-B8BC-216D728FF966}.Debug|Any CPU.Build.0 = Debug|Any CPU
		{F6FD883F-4510-419B-B8BC-216D728FF966}.Release|Any CPU.ActiveCfg = Release|Any CPU
		{F6FD883F-4510-419B-B8BC-216D728FF966}.Release|Any CPU.Build.0 = Release|Any CPU
	EndGlobalSection
	GlobalSection(SolutionProperties) = preSolution
		HideSolutionNode = FALSE
	EndGlobalSection
EndGlobal
